
Microsoft Visual Studio Solution File, Format Version 12.00
# Visual Studio Version 17
VisualStudioVersion = 17.6.33723.286
MinimumVisualStudioVersion = 10.0.40219.1
Project("{FAE04EC0-301F-11D3-BF4B-00C04F79EFBC}") = "recommendosBackend", "recommendosBackend\recommendosBackend.csproj", "{1A0A38D7-DB58-439D-889A-1C52091A5066}"
EndProject
Global
	GlobalSection(SolutionConfigurationPlatforms) = preSolution
		Debug|Any CPU = Debug|Any CPU
		Release|Any CPU = Release|Any CPU
	EndGlobalSection
	GlobalSection(ProjectConfigurationPlatforms) = postSolution
		{1A0A38D7-DB58-439D-889A-1C52091A5066}.Debug|Any CPU.ActiveCfg = Debug|Any CPU
		{1A0A38D7-DB58-439D-889A-1C52091A5066}.Debug|Any CPU.Build.0 = Debug|Any CPU
		{1A0A38D7-DB58-439D-889A-1C52091A5066}.Release|Any CPU.ActiveCfg = Release|Any CPU
		{1A0A38D7-DB58-439D-889A-1C52091A5066}.Release|Any CPU.Build.0 = Release|Any CPU
	EndGlobalSection
	GlobalSection(SolutionProperties) = preSolution
		HideSolutionNode = FALSE
	EndGlobalSection
	GlobalSection(ExtensibilityGlobals) = postSolution
		SolutionGuid = {80AD96EA-CFA8-422E-AABF-F409E7D79C94}
	EndGlobalSection
EndGlobal
